
Microsoft Visual Studio Solution File, Format Version 12.00
# Visual Studio Version 17
VisualStudioVersion = 17.3.32901.215
MinimumVisualStudioVersion = 10.0.40219.1
Project("{FAE04EC0-301F-11D3-BF4B-00C04F79EFBC}") = "Sender", "Sender\Sender.csproj", "{723530C7-3443-4B21-8829-806E5EF922D6}"
EndProject
Global
	GlobalSection(SolutionConfigurationPlatforms) = preSolution
		Debug|Any CPU = Debug|Any CPU
		Release|Any CPU = Release|Any CPU
	EndGlobalSection
	GlobalSection(ProjectConfigurationPlatforms) = postSolution
		{723530C7-3443-4B21-8829-806E5EF922D6}.Debug|Any CPU.ActiveCfg = Debug|Any CPU
		{723530C7-3443-4B21-8829-806E5EF922D6}.Debug|Any CPU.Build.0 = Debug|Any CPU
		{723530C7-3443-4B21-8829-806E5EF922D6}.Release|Any CPU.ActiveCfg = Release|Any CPU
		{723530C7-3443-4B21-8829-806E5EF922D6}.Release|Any CPU.Build.0 = Release|Any CPU
	EndGlobalSection
	GlobalSection(SolutionProperties) = preSolution
		HideSolutionNode = FALSE
	EndGlobalSection
	GlobalSection(ExtensibilityGlobals) = postSolution
		SolutionGuid = {B36904A4-6577-4D03-9859-21DA13D4816E}
	EndGlobalSection
EndGlobal
